// !$*UTF8*$!
{
	archiveVersion = 1;
	classes = {
	};
	objectVersion = 50;
	objects = {

/* Begin PBXBuildFile section */
		C50D69872408112B005D0A86 /* ModelDecodable.swift in Sources */ = {isa = PBXBuildFile; fileRef = C50D69862408112B005D0A86 /* ModelDecodable.swift */; };
		C50D698924084650005D0A86 /* test.swift in Sources */ = {isa = PBXBuildFile; fileRef = C50D698824084650005D0A86 /* test.swift */; };
		C5485B2A23FED027008F031F /* Model.swift in Sources */ = {isa = PBXBuildFile; fileRef = C5485B2923FED027008F031F /* Model.swift */; };
		C5FA499623FD45D700B32C84 /* AppDelegate.swift in Sources */ = {isa = PBXBuildFile; fileRef = C5FA499523FD45D700B32C84 /* AppDelegate.swift */; };
		C5FA499823FD45D700B32C84 /* SceneDelegate.swift in Sources */ = {isa = PBXBuildFile; fileRef = C5FA499723FD45D700B32C84 /* SceneDelegate.swift */; };
		C5FA499A23FD45D700B32C84 /* ViewController.swift in Sources */ = {isa = PBXBuildFile; fileRef = C5FA499923FD45D700B32C84 /* ViewController.swift */; };
		C5FA499D23FD45D700B32C84 /* Main.storyboard in Resources */ = {isa = PBXBuildFile; fileRef = C5FA499B23FD45D700B32C84 /* Main.storyboard */; };
		C5FA499F23FD45D900B32C84 /* Assets.xcassets in Resources */ = {isa = PBXBuildFile; fileRef = C5FA499E23FD45D900B32C84 /* Assets.xcassets */; };
		C5FA49A223FD45D900B32C84 /* LaunchScreen.storyboard in Resources */ = {isa = PBXBuildFile; fileRef = C5FA49A023FD45D900B32C84 /* LaunchScreen.storyboard */; };
/* End PBXBuildFile section */

/* Begin PBXFileReference section */
		C50D69862408112B005D0A86 /* ModelDecodable.swift */ = {isa = PBXFileReference; lastKnownFileType = sourcecode.swift; path = ModelDecodable.swift; sourceTree = "<group>"; };
		C50D698824084650005D0A86 /* test.swift */ = {isa = PBXFileReference; lastKnownFileType = sourcecode.swift; path = test.swift; sourceTree = "<group>"; };
		C5485B2923FED027008F031F /* Model.swift */ = {isa = PBXFileReference; lastKnownFileType = sourcecode.swift; path = Model.swift; sourceTree = "<group>"; };
		C5FA499223FD45D700B32C84 /* swiftyCompanion.app */ = {isa = PBXFileReference; explicitFileType = wrapper.application; includeInIndex = 0; path = swiftyCompanion.app; sourceTree = BUILT_PRODUCTS_DIR; };
		C5FA499523FD45D700B32C84 /* AppDelegate.swift */ = {isa = PBXFileReference; lastKnownFileType = sourcecode.swift; path = AppDelegate.swift; sourceTree = "<group>"; };
		C5FA499723FD45D700B32C84 /* SceneDelegate.swift */ = {isa = PBXFileReference; lastKnownFileType = sourcecode.swift; path = SceneDelegate.swift; sourceTree = "<group>"; };
		C5FA499923FD45D700B32C84 /* ViewController.swift */ = {isa = PBXFileReference; lastKnownFileType = sourcecode.swift; path = ViewController.swift; sourceTree = "<group>"; };
		C5FA499C23FD45D700B32C84 /* Base */ = {isa = PBXFileReference; lastKnownFileType = file.storyboard; name = Base; path = Base.lproj/Main.storyboard; sourceTree = "<group>"; };
		C5FA499E23FD45D900B32C84 /* Assets.xcassets */ = {isa = PBXFileReference; lastKnownFileType = folder.assetcatalog; path = Assets.xcassets; sourceTree = "<group>"; };
		C5FA49A123FD45D900B32C84 /* Base */ = {isa = PBXFileReference; lastKnownFileType = file.storyboard; name = Base; path = Base.lproj/LaunchScreen.storyboard; sourceTree = "<group>"; };
		C5FA49A323FD45D900B32C84 /* Info.plist */ = {isa = PBXFileReference; lastKnownFileType = text.plist.xml; path = Info.plist; sourceTree = "<group>"; };
/* End PBXFileReference section */

/* Begin PBXFrameworksBuildPhase section */
		C5FA498F23FD45D700B32C84 /* Frameworks */ = {
			isa = PBXFrameworksBuildPhase;
			buildActionMask = 2147483647;
			files = (
			);
			runOnlyForDeploymentPostprocessing = 0;
		};
/* End PBXFrameworksBuildPhase section */

/* Begin PBXGroup section */
		C5FA498923FD45D700B32C84 = {
			isa = PBXGroup;
			children = (
				C5FA499423FD45D700B32C84 /* swiftyCompanion */,
				C5FA499323FD45D700B32C84 /* Products */,
			);
			sourceTree = "<group>";
		};
		C5FA499323FD45D700B32C84 /* Products */ = {
			isa = PBXGroup;
			children = (
				C5FA499223FD45D700B32C84 /* swiftyCompanion.app */,
			);
			name = Products;
			sourceTree = "<group>";
		};
		C5FA499423FD45D700B32C84 /* swiftyCompanion */ = {
			isa = PBXGroup;
			children = (
				C5FA499523FD45D700B32C84 /* AppDelegate.swift */,
				C5FA499723FD45D700B32C84 /* SceneDelegate.swift */,
				C5FA499923FD45D700B32C84 /* ViewController.swift */,
				C5FA499B23FD45D700B32C84 /* Main.storyboard */,
				C5485B2923FED027008F031F /* Model.swift */,
				C50D69862408112B005D0A86 /* ModelDecodable.swift */,
				C50D698824084650005D0A86 /* test.swift */,
				C5FA499E23FD45D900B32C84 /* Assets.xcassets */,
				C5FA49A023FD45D900B32C84 /* LaunchScreen.storyboard */,
				C5FA49A323FD45D900B32C84 /* Info.plist */,
			);
			path = swiftyCompanion;
			sourceTree = "<group>";
		};
/* End PBXGroup section */

/* Begin PBXNativeTarget section */
		C5FA499123FD45D700B32C84 /* swiftyCompanion */ = {
			isa = PBXNativeTarget;
			buildConfigurationList = C5FA49A623FD45D900B32C84 /* Build configuration list for PBXNativeTarget "swiftyCompanion" */;
			buildPhases = (
				C5FA498E23FD45D700B32C84 /* Sources */,
				C5FA498F23FD45D700B32C84 /* Frameworks */,
				C5FA499023FD45D700B32C84 /* Resources */,
			);
			buildRules = (
			);
			dependencies = (
			);
			name = swiftyCompanion;
			productName = swiftyCompanion;
			productReference = C5FA499223FD45D700B32C84 /* swiftyCompanion.app */;
			productType = "com.apple.product-type.application";
		};
/* End PBXNativeTarget section */

/* Begin PBXProject section */
		C5FA498A23FD45D700B32C84 /* Project object */ = {
			isa = PBXProject;
			attributes = {
				LastSwiftUpdateCheck = 1130;
				LastUpgradeCheck = 1130;
				ORGANIZATIONNAME = "Mykyta DANYLCHENKO";
				TargetAttributes = {
					C5FA499123FD45D700B32C84 = {
						CreatedOnToolsVersion = 11.3;
					};
				};
			};
			buildConfigurationList = C5FA498D23FD45D700B32C84 /* Build configuration list for PBXProject "swiftyCompanion" */;
			compatibilityVersion = "Xcode 9.3";
			developmentRegion = en;
			hasScannedForEncodings = 0;
			knownRegions = (
				en,
				Base,
			);
			mainGroup = C5FA498923FD45D700B32C84;
			productRefGroup = C5FA499323FD45D700B32C84 /* Products */;
			projectDirPath = "";
			projectRoot = "";
			targets = (
				C5FA499123FD45D700B32C84 /* swiftyCompanion */,
			);
		};
/* End PBXProject section */

/* Begin PBXResourcesBuildPhase section */
		C5FA499023FD45D700B32C84 /* Resources */ = {
			isa = PBXResourcesBuildPhase;
			buildActionMask = 2147483647;
			files = (
				C5FA49A223FD45D900B32C84 /* LaunchScreen.storyboard in Resources */,
				C5FA499F23FD45D900B32C84 /* Assets.xcassets in Resources */,
				C5FA499D23FD45D700B32C84 /* Main.storyboard in Resources */,
			);
			runOnlyForDeploymentPostprocessing = 0;
		};
/* End PBXResourcesBuildPhase section */

/* Begin PBXSourcesBuildPhase section */
		C5FA498E23FD45D700B32C84 /* Sources */ = {
			isa = PBXSourcesBuildPhase;
			buildActionMask = 2147483647;
			files = (
				C5485B2A23FED027008F031F /* Model.swift in Sources */,
				C50D698924084650005D0A86 /* test.swift in Sources */,
				C5FA499A23FD45D700B32C84 /* ViewController.swift in Sources */,
				C5FA499623FD45D700B32C84 /* AppDelegate.swift in Sources */,
				C5FA499823FD45D700B32C84 /* SceneDelegate.swift in Sources */,
				C50D69872408112B005D0A86 /* ModelDecodable.swift in Sources */,
			);
			runOnlyForDeploymentPostprocessing = 0;
		};
/* End PBXSourcesBuildPhase section */

/* Begin PBXVariantGroup section */
		C5FA499B23FD45D700B32C84 /* Main.storyboard */ = {
			isa = PBXVariantGroup;
			children = (
				C5FA499C23FD45D700B32C84 /* Base */,
			);
			name = Main.storyboard;
			sourceTree = "<group>";
		};
		C5FA49A023FD45D900B32C84 /* LaunchScreen.storyboard */ = {
			isa = PBXVariantGroup;
			children = (
				C5FA49A123FD45D900B32C84 /* Base */,
			);
			name = LaunchScreen.storyboard;
			sourceTree = "<group>";
		};
/* End PBXVariantGroup section */

/* Begin XCBuildConfiguration section */
		C5FA49A423FD45D900B32C84 /* Debug */ = {
			isa = XCBuildConfiguration;
			buildSettings = {
				ALWAYS_SEARCH_USER_PATHS = NO;
				CLANG_ANALYZER_NONNULL = YES;
				CLANG_ANALYZER_NUMBER_OBJECT_CONVERSION = YES_AGGRESSIVE;
				CLANG_CXX_LANGUAGE_STANDARD = "gnu++14";
				CLANG_CXX_LIBRARY = "libc++";
				CLANG_ENABLE_MODULES = YES;
				CLANG_ENABLE_OBJC_ARC = YES;
				CLANG_ENABLE_OBJC_WEAK = YES;
				CLANG_WARN_BLOCK_CAPTURE_AUTORELEASING = YES;
				CLANG_WARN_BOOL_CONVERSION = YES;
				CLANG_WARN_COMMA = YES;
				CLANG_WARN_CONSTANT_CONVERSION = YES;
				CLANG_WARN_DEPRECATED_OBJC_IMPLEMENTATIONS = YES;
				CLANG_WARN_DIRECT_OBJC_ISA_USAGE = YES_ERROR;
				CLANG_WARN_DOCUMENTATION_COMMENTS = YES;
				CLANG_WARN_EMPTY_BODY = YES;
				CLANG_WARN_ENUM_CONVERSION = YES;
				CLANG_WARN_INFINITE_RECURSION = YES;
				CLANG_WARN_INT_CONVERSION = YES;
				CLANG_WARN_NON_LITERAL_NULL_CONVERSION = YES;
				CLANG_WARN_OBJC_IMPLICIT_RETAIN_SELF = YES;
				CLANG_WARN_OBJC_LITERAL_CONVERSION = YES;
				CLANG_WARN_OBJC_ROOT_CLASS = YES_ERROR;
				CLANG_WARN_RANGE_LOOP_ANALYSIS = YES;
				CLANG_WARN_STRICT_PROTOTYPES = YES;
				CLANG_WARN_SUSPICIOUS_MOVE = YES;
				CLANG_WARN_UNGUARDED_AVAILABILITY = YES_AGGRESSIVE;
				CLANG_WARN_UNREACHABLE_CODE = YES;
				CLANG_WARN__DUPLICATE_METHOD_MATCH = YES;
				COPY_PHASE_STRIP = NO;
				DEBUG_INFORMATION_FORMAT = dwarf;
				ENABLE_STRICT_OBJC_MSGSEND = YES;
				ENABLE_TESTABILITY = YES;
				GCC_C_LANGUAGE_STANDARD = gnu11;
				GCC_DYNAMIC_NO_PIC = NO;
				GCC_NO_COMMON_BLOCKS = YES;
				GCC_OPTIMIZATION_LEVEL = 0;
				GCC_PREPROCESSOR_DEFINITIONS = (
					"DEBUG=1",
					"$(inherited)",
				);
				GCC_WARN_64_TO_32_BIT_CONVERSION = YES;
				GCC_WARN_ABOUT_RETURN_TYPE = YES_ERROR;
				GCC_WARN_UNDECLARED_SELECTOR = YES;
				GCC_WARN_UNINITIALIZED_AUTOS = YES_AGGRESSIVE;
				GCC_WARN_UNUSED_FUNCTION = YES;
				GCC_WARN_UNUSED_VARIABLE = YES;
				IPHONEOS_DEPLOYMENT_TARGET = 13.2;
				MTL_ENABLE_DEBUG_INFO = INCLUDE_SOURCE;
				MTL_FAST_MATH = YES;
				ONLY_ACTIVE_ARCH = YES;
				SDKROOT = iphoneos;
				SWIFT_ACTIVE_COMPILATION_CONDITIONS = DEBUG;
				SWIFT_OPTIMIZATION_LEVEL = "-Onone";
			};
			name = Debug;
		};
		C5FA49A523FD45D900B32C84 /* Release */ = {
			isa = XCBuildConfiguration;
			buildSettings = {
				ALWAYS_SEARCH_USER_PATHS = NO;
				CLANG_ANALYZER_NONNULL = YES;
				CLANG_ANALYZER_NUMBER_OBJECT_CONVERSION = YES_AGGRESSIVE;
				CLANG_CXX_LANGUAGE_STANDARD = "gnu++14";
				CLANG_CXX_LIBRARY = "libc++";
				CLANG_ENABLE_MODULES = YES;
				CLANG_ENABLE_OBJC_ARC = YES;
				CLANG_ENABLE_OBJC_WEAK = YES;
				CLANG_WARN_BLOCK_CAPTURE_AUTORELEASING = YES;
				CLANG_WARN_BOOL_CONVERSION = YES;
				CLANG_WARN_COMMA = YES;
				CLANG_WARN_CONSTANT_CONVERSION = YES;
				CLANG_WARN_DEPRECATED_OBJC_IMPLEMENTATIONS = YES;
				CLANG_WARN_DIRECT_OBJC_ISA_USAGE = YES_ERROR;
				CLANG_WARN_DOCUMENTATION_COMMENTS = YES;
				CLANG_WARN_EMPTY_BODY = YES;
				CLANG_WARN_ENUM_CONVERSION = YES;
				CLANG_WARN_INFINITE_RECURSION = YES;
				CLANG_WARN_INT_CONVERSION = YES;
				CLANG_WARN_NON_LITERAL_NULL_CONVERSION = YES;
				CLANG_WARN_OBJC_IMPLICIT_RETAIN_SELF = YES;
				CLANG_WARN_OBJC_LITERAL_CONVERSION = YES;
				CLANG_WARN_OBJC_ROOT_CLASS = YES_ERROR;
				CLANG_WARN_RANGE_LOOP_ANALYSIS = YES;
				CLANG_WARN_STRICT_PROTOTYPES = YES;
				CLANG_WARN_SUSPICIOUS_MOVE = YES;
				CLANG_WARN_UNGUARDED_AVAILABILITY = YES_AGGRESSIVE;
				CLANG_WARN_UNREACHABLE_CODE = YES;
				CLANG_WARN__DUPLICATE_METHOD_MATCH = YES;
				COPY_PHASE_STRIP = NO;
				DEBUG_INFORMATION_FORMAT = "dwarf-with-dsym";
				ENABLE_NS_ASSERTIONS = NO;
				ENABLE_STRICT_OBJC_MSGSEND = YES;
				GCC_C_LANGUAGE_STANDARD = gnu11;
				GCC_NO_COMMON_BLOCKS = YES;
				GCC_WARN_64_TO_32_BIT_CONVERSION = YES;
				GCC_WARN_ABOUT_RETURN_TYPE = YES_ERROR;
				GCC_WARN_UNDECLARED_SELECTOR = YES;
				GCC_WARN_UNINITIALIZED_AUTOS = YES_AGGRESSIVE;
				GCC_WARN_UNUSED_FUNCTION = YES;
				GCC_WARN_UNUSED_VARIABLE = YES;
				IPHONEOS_DEPLOYMENT_TARGET = 13.2;
				MTL_ENABLE_DEBUG_INFO = NO;
				MTL_FAST_MATH = YES;
				SDKROOT = iphoneos;
				SWIFT_COMPILATION_MODE = wholemodule;
				SWIFT_OPTIMIZATION_LEVEL = "-O";
				VALIDATE_PRODUCT = YES;
			};
			name = Release;
		};
		C5FA49A723FD45D900B32C84 /* Debug */ = {
			isa = XCBuildConfiguration;
			buildSettings = {
				ASSETCATALOG_COMPILER_APPICON_NAME = AppIcon;
				CODE_SIGN_STYLE = Automatic;
				INFOPLIST_FILE = swiftyCompanion/Info.plist;
				LD_RUNPATH_SEARCH_PATHS = (
					"$(inherited)",
					"@executable_path/Frameworks",
				);
				PRODUCT_BUNDLE_IDENTIFIER = nik.dany.swiftyCompanion;
				PRODUCT_NAME = "$(TARGET_NAME)";
				SWIFT_VERSION = 5.0;
				TARGETED_DEVICE_FAMILY = "1,2";
			};
			name = Debug;
		};
		C5FA49A823FD45D900B32C84 /* Release */ = {
			isa = XCBuildConfiguration;
			buildSettings = {
				ASSETCATALOG_COMPILER_APPICON_NAME = AppIcon;
				CODE_SIGN_STYLE = Automatic;
				INFOPLIST_FILE = swiftyCompanion/Info.plist;
				LD_RUNPATH_SEARCH_PATHS = (
					"$(inherited)",
					"@executable_path/Frameworks",
				);
				PRODUCT_BUNDLE_IDENTIFIER = nik.dany.swiftyCompanion;
				PRODUCT_NAME = "$(TARGET_NAME)";
				SWIFT_VERSION = 5.0;
				TARGETED_DEVICE_FAMILY = "1,2";
			};
			name = Release;
		};
/* End XCBuildConfiguration section */

/* Begin XCConfigurationList section */
		C5FA498D23FD45D700B32C84 /* Build configuration list for PBXProject "swiftyCompanion" */ = {
			isa = XCConfigurationList;
			buildConfigurations = (
				C5FA49A423FD45D900B32C84 /* Debug */,
				C5FA49A523FD45D900B32C84 /* Release */,
			);
			defaultConfigurationIsVisible = 0;
			defaultConfigurationName = Release;
		};
		C5FA49A623FD45D900B32C84 /* Build configuration list for PBXNativeTarget "swiftyCompanion" */ = {
			isa = XCConfigurationList;
			buildConfigurations = (
				C5FA49A723FD45D900B32C84 /* Debug */,
				C5FA49A823FD45D900B32C84 /* Release */,
			);
			defaultConfigurationIsVisible = 0;
			defaultConfigurationName = Release;
		};
/* End XCConfigurationList section */
	};
	rootObject = C5FA498A23FD45D700B32C84 /* Project object */;
}
